
Microsoft Visual Studio Solution File, Format Version 12.00
# Visual Studio Version 17
VisualStudioVersion = 17.9.34622.214
MinimumVisualStudioVersion = 10.0.40219.1
Project("{8BC9CEB8-8B4A-11D0-8D11-00A0C91BC942}") = "Project1", "Project1.vcxproj", "{AEA96C97-5E1A-4982-918B-E01F43CF1B7F}"
EndProject
Global
	GlobalSection(SolutionConfigurationPlatforms) = preSolution
		Debug|x64 = Debug|x64
		Debug|x86 = Debug|x86
		Release|x64 = Release|x64
		Release|x86 = Release|x86
	EndGlobalSection
	GlobalSection(ProjectConfigurationPlatforms) = postSolution
		{AEA96C97-5E1A-4982-918B-E01F43CF1B7F}.Debug|x64.ActiveCfg = Debug|x64
		{AEA96C97-5E1A-4982-918B-E01F43CF1B7F}.Debug|x64.Build.0 = Debug|x64
		{AEA96C97-5E1A-4982-918B-E01F43CF1B7F}.Debug|x86.ActiveCfg = Debug|Win32
		{AEA96C97-5E1A-4982-918B-E01F43CF1B7F}.Debug|x86.Build.0 = Debug|Win32
		{AEA96C97-5E1A-4982-918B-E01F43CF1B7F}.Release|x64.ActiveCfg = Release|x64
		{AEA96C97-5E1A-4982-918B-E01F43CF1B7F}.Release|x64.Build.0 = Release|x64
		{AEA96C97-5E1A-4982-918B-E01F43CF1B7F}.Release|x86.ActiveCfg = Release|Win32
		{AEA96C97-5E1A-4982-918B-E01F43CF1B7F}.Release|x86.Build.0 = Release|Win32
	EndGlobalSection
	GlobalSection(SolutionProperties) = preSolution
		HideSolutionNode = FALSE
	EndGlobalSection
	GlobalSection(ExtensibilityGlobals) = postSolution
		SolutionGuid = {62653C88-5D04-4E0E-A05F-C04C9A2C9577}
	EndGlobalSection
EndGlobal
